hash: 7d696f76b95b2dc272f3c70a5a99636c86c456d6ac712d6c0aa3a144992125d9
updated: 2018-12-19T22:46:47.900209+01:00
imports:
- name: github.com/danieljoos/wincred
  version: 1dcb5a2463cd2b67210264eaa0eb356c801cf59e
- name: github.com/fatih/color
  version: 5b77d2a35fb0ede96d138fc9a99f5c9b6aef11b4
- name: github.com/godbus/dbus
  version: e25f905dbfbcdbc1fe19a684d9fe2a1261383ef8
- name: github.com/logrusorgru/aurora
  version: a7b3b318ed4e1ae5b80602b08627267303c68572
- name: github.com/mattn/go-colorable
  version: efa589957cd060542a26d2dd7832fd6a6c6c3ade
- name: github.com/mattn/go-isatty
  version: 3fb116b820352b7f0c281308a4d6250c22d94e27
- name: github.com/spf13/viper
  version: 6d33b5a963d922d182c91e8a1c88d81fd150cfd4
- name: github.com/zalando/go-keyring
  version: 6d81c293b3fbc8a9b1bcf4bc9c167c2e1d1f52cf
  subpackages:
  - secret_service
- name: golang.org/x/crypto
  version: 505ab145d0a99da450461ae2c1a9f6cd10d1f447
  subpackages:
  - ssh/terminal
- name: golang.org/x/oauth2
  version: d668ce993890a79bda886613ee587a69dd5da7a6
- name: golang.org/x/sys
  version: 074acd46bca67915925527c07849494d115e7c43
  subpackages:
  - unix
  - windows
testImports: []
